
Microsoft Visual Studio Solution File, Format Version 12.00
# Visual Studio Version 17
VisualStudioVersion = 17.4.33205.214
MinimumVisualStudioVersion = 10.0.40219.1
Project("{FAE04EC0-301F-11D3-BF4B-00C04F79EFBC}") = "webapp1", "webapp1\webapp1.csproj", "{C6E6280C-C671-4235-97AA-8E3135A7E4E2}"
EndProject
Global
	GlobalSection(SolutionConfigurationPlatforms) = preSolution
		Debug|Any CPU = Debug|Any CPU
		Release|Any CPU = Release|Any CPU
	EndGlobalSection
	GlobalSection(ProjectConfigurationPlatforms) = postSolution
		{C6E6280C-C671-4235-97AA-8E3135A7E4E2}.Debug|Any CPU.ActiveCfg = Debug|Any CPU
		{C6E6280C-C671-4235-97AA-8E3135A7E4E2}.Debug|Any CPU.Build.0 = Debug|Any CPU
		{C6E6280C-C671-4235-97AA-8E3135A7E4E2}.Release|Any CPU.ActiveCfg = Release|Any CPU
		{C6E6280C-C671-4235-97AA-8E3135A7E4E2}.Release|Any CPU.Build.0 = Release|Any CPU
	EndGlobalSection
	GlobalSection(SolutionProperties) = preSolution
		HideSolutionNode = FALSE
	EndGlobalSection
	GlobalSection(ExtensibilityGlobals) = postSolution
		SolutionGuid = {68772E42-C218-47DE-A467-4D5B0ED392DA}
	EndGlobalSection
EndGlobal
